// !$*UTF8*$!
{
	archiveVersion = 1;
	classes = {
	};
	objectVersion = 46;
	objects = {

/* Begin PBXBuildFile section */
		9669E9D11AE54C6D008325C4 /* main.m in Sources */ = {isa = PBXBuildFile; fileRef = 9669E9D01AE54C6D008325C4 /* main.m */; };
		9669E9DD1AE54C6E008325C4 /* Main.storyboard in Resources */ = {isa = PBXBuildFile; fileRef = 9669E9DB1AE54C6E008325C4 /* Main.storyboard */; };
		9669E9DF1AE54C6E008325C4 /* Images.xcassets in Resources */ = {isa = PBXBuildFile; fileRef = 9669E9DE1AE54C6E008325C4 /* Images.xcassets */; };
		9669E9E21AE54C6E008325C4 /* LaunchScreen.xib in Resources */ = {isa = PBXBuildFile; fileRef = 9669E9E01AE54C6E008325C4 /* LaunchScreen.xib */; };
		9669E9EE1AE54C6E008325C4 /* PhunwareTestTests.m in Sources */ = {isa = PBXBuildFile; fileRef = 9669E9ED1AE54C6E008325C4 /* PhunwareTestTests.m */; };
		9669E9FB1AE54D68008325C4 /* AppDelegate.m in Sources */ = {isa = PBXBuildFile; fileRef = 9669E9FA1AE54D68008325C4 /* AppDelegate.m */; };
		9669EA001AE54D83008325C4 /* DetailViewController.m in Sources */ = {isa = PBXBuildFile; fileRef = 9669E9FD1AE54D83008325C4 /* DetailViewController.m */; };
		9669EA011AE54D83008325C4 /* MasterViewController.m in Sources */ = {isa = PBXBuildFile; fileRef = 9669E9FF1AE54D83008325C4 /* MasterViewController.m */; };
		9669EA0A1AE54F5E008325C4 /* Venue.m in Sources */ = {isa = PBXBuildFile; fileRef = 9669EA091AE54F5E008325C4 /* Venue.m */; };
		9669EA101AE551B9008325C4 /* VenueSchedule.m in Sources */ = {isa = PBXBuildFile; fileRef = 9669EA0F1AE551B9008325C4 /* VenueSchedule.m */; };
		9669EA511AE568FC008325C4 /* AFHTTPRequestOperation.h in Sources */ = {isa = PBXBuildFile; fileRef = 9669EA3E1AE568FC008325C4 /* AFHTTPRequestOperation.h */; };
		9669EA521AE568FC008325C4 /* AFHTTPRequestOperation.m in Sources */ = {isa = PBXBuildFile; fileRef = 9669EA3F1AE568FC008325C4 /* AFHTTPRequestOperation.m */; };
		9669EA531AE568FC008325C4 /* AFHTTPRequestOperationManager.h in Sources */ = {isa = PBXBuildFile; fileRef = 9669EA401AE568FC008325C4 /* AFHTTPRequestOperationManager.h */; };
		9669EA541AE568FC008325C4 /* AFHTTPRequestOperationManager.m in Sources */ = {isa = PBXBuildFile; fileRef = 9669EA411AE568FC008325C4 /* AFHTTPRequestOperationManager.m */; };
		9669EA551AE568FC008325C4 /* AFHTTPSessionManager.h in Sources */ = {isa = PBXBuildFile; fileRef = 9669EA421AE568FC008325C4 /* AFHTTPSessionManager.h */; };
		9669EA561AE568FC008325C4 /* AFHTTPSessionManager.m in Sources */ = {isa = PBXBuildFile; fileRef = 9669EA431AE568FC008325C4 /* AFHTTPSessionManager.m */; };
		9669EA571AE568FC008325C4 /* AFNetworking.h in Sources */ = {isa = PBXBuildFile; fileRef = 9669EA441AE568FC008325C4 /* AFNetworking.h */; };
		9669EA581AE568FC008325C4 /* AFNetworkReachabilityManager.h in Sources */ = {isa = PBXBuildFile; fileRef = 9669EA451AE568FC008325C4 /* AFNetworkReachabilityManager.h */; };
		9669EA591AE568FC008325C4 /* AFNetworkReachabilityManager.m in Sources */ = {isa = PBXBuildFile; fileRef = 9669EA461AE568FC008325C4 /* AFNetworkReachabilityManager.m */; };
		9669EA5A1AE568FC008325C4 /* AFSecurityPolicy.h in Sources */ = {isa = PBXBuildFile; fileRef = 9669EA471AE568FC008325C4 /* AFSecurityPolicy.h */; };
		9669EA5B1AE568FC008325C4 /* AFSecurityPolicy.m in Sources */ = {isa = PBXBuildFile; fileRef = 9669EA481AE568FC008325C4 /* AFSecurityPolicy.m */; };
		9669EA5C1AE568FC008325C4 /* AFURLConnectionOperation.h in Sources */ = {isa = PBXBuildFile; fileRef = 9669EA491AE568FC008325C4 /* AFURLConnectionOperation.h */; };
		9669EA5D1AE568FC008325C4 /* AFURLConnectionOperation.m in Sources */ = {isa = PBXBuildFile; fileRef = 9669EA4A1AE568FC008325C4 /* AFURLConnectionOperation.m */; };
		9669EA5E1AE568FC008325C4 /* AFURLRequestSerialization.h in Sources */ = {isa = PBXBuildFile; fileRef = 9669EA4B1AE568FC008325C4 /* AFURLRequestSerialization.h */; };
		9669EA5F1AE568FC008325C4 /* AFURLRequestSerialization.m in Sources */ = {isa = PBXBuildFile; fileRef = 9669EA4C1AE568FC008325C4 /* AFURLRequestSerialization.m */; };
		9669EA601AE568FC008325C4 /* AFURLResponseSerialization.h in Sources */ = {isa = PBXBuildFile; fileRef = 9669EA4D1AE568FC008325C4 /* AFURLResponseSerialization.h */; };
		9669EA611AE568FC008325C4 /* AFURLResponseSerialization.m in Sources */ = {isa = PBXBuildFile; fileRef = 9669EA4E1AE568FC008325C4 /* AFURLResponseSerialization.m */; };
		9669EA621AE568FC008325C4 /* AFURLSessionManager.h in Sources */ = {isa = PBXBuildFile; fileRef = 9669EA4F1AE568FC008325C4 /* AFURLSessionManager.h */; };
		9669EA631AE568FC008325C4 /* AFURLSessionManager.m in Sources */ = {isa = PBXBuildFile; fileRef = 9669EA501AE568FC008325C4 /* AFURLSessionManager.m */; };
		9669EA6A1AE57D3F008325C4 /* Reachability.m in Sources */ = {isa = PBXBuildFile; fileRef = 9669EA691AE57D3F008325C4 /* Reachability.m */; };
		9669EA6C1AE5857B008325C4 /* SystemConfiguration.framework in Frameworks */ = {isa = PBXBuildFile; fileRef = 9669EA6B1AE5857B008325C4 /* SystemConfiguration.framework */; };
/* End PBXBuildFile section */

/* Begin PBXContainerItemProxy section */
		9669E9E81AE54C6E008325C4 /* PBXContainerItemProxy */ = {
			isa = PBXContainerItemProxy;
			containerPortal = 9669E9C31AE54C6D008325C4 /* Project object */;
			proxyType = 1;
			remoteGlobalIDString = 9669E9CA1AE54C6D008325C4;
			remoteInfo = PhunwareTest;
		};
/* End PBXContainerItemProxy section */

/* Begin PBXFileReference section */
		9669E9CB1AE54C6D008325C4 /* PhunwareTest.app */ = {isa = PBXFileReference; explicitFileType = wrapper.application; includeInIndex = 0; path = PhunwareTest.app; sourceTree = BUILT_PRODUCTS_DIR; };
		9669E9CF1AE54C6D008325C4 /* Info.plist */ = {isa = PBXFileReference; lastKnownFileType = text.plist.xml; path = Info.plist; sourceTree = "<group>"; };
		9669E9D01AE54C6D008325C4 /* main.m */ = {isa = PBXFileReference; lastKnownFileType = sourcecode.c.objc; path = main.m; sourceTree = "<group>"; };
		9669E9DC1AE54C6E008325C4 /* Base */ = {isa = PBXFileReference; lastKnownFileType = file.storyboard; name = Base; path = Base.lproj/Main.storyboard; sourceTree = "<group>"; };
		9669E9DE1AE54C6E008325C4 /* Images.xcassets */ = {isa = PBXFileReference; lastKnownFileType = folder.assetcatalog; path = Images.xcassets; sourceTree = "<group>"; };
		9669E9E11AE54C6E008325C4 /* Base */ = {isa = PBXFileReference; lastKnownFileType = file.xib; name = Base; path = Base.lproj/LaunchScreen.xib; sourceTree = "<group>"; };
		9669E9E71AE54C6E008325C4 /* PhunwareTestTests.xctest */ = {isa = PBXFileReference; explicitFileType = wrapper.cfbundle; includeInIndex = 0; path = PhunwareTestTests.xctest; sourceTree = BUILT_PRODUCTS_DIR; };
		9669E9EC1AE54C6E008325C4 /* Info.plist */ = {isa = PBXFileReference; lastKnownFileType = text.plist.xml; path = Info.plist; sourceTree = "<group>"; };
		9669E9ED1AE54C6E008325C4 /* PhunwareTestTests.m */ = {isa = PBXFileReference; lastKnownFileType = sourcecode.c.objc; path = PhunwareTestTests.m; sourceTree = "<group>"; };
		9669E9F91AE54D68008325C4 /* AppDelegate.h */ = {isa = PBXFileReference; fileEncoding = 4; lastKnownFileType = sourcecode.c.h; name = AppDelegate.h; path = initialFiles/AppDelegate.h; sourceTree = "<group>"; };
		9669E9FA1AE54D68008325C4 /* AppDelegate.m */ = {isa = PBXFileReference; fileEncoding = 4; lastKnownFileType = sourcecode.c.objc; name = AppDelegate.m; path = initialFiles/AppDelegate.m; sourceTree = "<group>"; };
		9669E9FC1AE54D83008325C4 /* DetailViewController.h */ = {isa = PBXFileReference; fileEncoding = 4; lastKnownFileType = sourcecode.c.h; name = DetailViewController.h; path = class/DetailViewController.h; sourceTree = "<group>"; };
		9669E9FD1AE54D83008325C4 /* DetailViewController.m */ = {isa = PBXFileReference; fileEncoding = 4; lastKnownFileType = sourcecode.c.objc; name = DetailViewController.m; path = class/DetailViewController.m; sourceTree = "<group>"; };
		9669E9FE1AE54D83008325C4 /* MasterViewController.h */ = {isa = PBXFileReference; fileEncoding = 4; lastKnownFileType = sourcecode.c.h; name = MasterViewController.h; path = class/MasterViewController.h; sourceTree = "<group>"; };
		9669E9FF1AE54D83008325C4 /* MasterViewController.m */ = {isa = PBXFileReference; fileEncoding = 4; lastKnownFileType = sourcecode.c.objc; name = MasterViewController.m; path = class/MasterViewController.m; sourceTree = "<group>"; };
		9669EA081AE54F5E008325C4 /* Venue.h */ = {isa = PBXFileReference; fileEncoding = 4; lastKnownFileType = sourcecode.c.h; name = Venue.h; path = model/Venue.h; sourceTree = "<group>"; };
		9669EA091AE54F5E008325C4 /* Venue.m */ = {isa = PBXFileReference; fileEncoding = 4; lastKnownFileType = sourcecode.c.objc; name = Venue.m; path = model/Venue.m; sourceTree = "<group>"; };
		9669EA0E1AE551B9008325C4 /* VenueSchedule.h */ = {isa = PBXFileReference; fileEncoding = 4; lastKnownFileType = sourcecode.c.h; name = VenueSchedule.h; path = model/VenueSchedule.h; sourceTree = "<group>"; };
		9669EA0F1AE551B9008325C4 /* VenueSchedule.m */ = {isa = PBXFileReference; fileEncoding = 4; lastKnownFileType = sourcecode.c.objc; name = VenueSchedule.m; path = model/VenueSchedule.m; sourceTree = "<group>"; };
		9669EA3E1AE568FC008325C4 /* AFHTTPRequestOperation.h */ = {isa = PBXFileReference; lastKnownFileType = sourcecode.c.h; name = AFHTTPRequestOperation.h; path = framework/afnetworking/AFNetworking/AFHTTPRequestOperation.h; sourceTree = "<group>"; };
		9669EA3F1AE568FC008325C4 /* AFHTTPRequestOperation.m */ = {isa = PBXFileReference; lastKnownFileType = sourcecode.c.objc; name = AFHTTPRequestOperation.m; path = framework/afnetworking/AFNetworking/AFHTTPRequestOperation.m; sourceTree = "<group>"; };
		9669EA401AE568FC008325C4 /* AFHTTPRequestOperationManager.h */ = {isa = PBXFileReference; lastKnownFileType = sourcecode.c.h; name = AFHTTPRequestOperationManager.h; path = framework/afnetworking/AFNetworking/AFHTTPRequestOperationManager.h; sourceTree = "<group>"; };
		9669EA411AE568FC008325C4 /* AFHTTPRequestOperationManager.m */ = {isa = PBXFileReference; lastKnownFileType = sourcecode.c.objc; name = AFHTTPRequestOperationManager.m; path = framework/afnetworking/AFNetworking/AFHTTPRequestOperationManager.m; sourceTree = "<group>"; };
		9669EA421AE568FC008325C4 /* AFHTTPSessionManager.h */ = {isa = PBXFileReference; lastKnownFileType = sourcecode.c.h; name = AFHTTPSessionManager.h; path = framework/afnetworking/AFNetworking/AFHTTPSessionManager.h; sourceTree = "<group>"; };
		9669EA431AE568FC008325C4 /* AFHTTPSessionManager.m */ = {isa = PBXFileReference; lastKnownFileType = sourcecode.c.objc; name = AFHTTPSessionManager.m; path = framework/afnetworking/AFNetworking/AFHTTPSessionManager.m; sourceTree = "<group>"; };
		9669EA441AE568FC008325C4 /* AFNetworking.h */ = {isa = PBXFileReference; lastKnownFileType = sourcecode.c.h; name = AFNetworking.h; path = framework/afnetworking/AFNetworking/AFNetworking.h; sourceTree = "<group>"; };
		9669EA451AE568FC008325C4 /* AFNetworkReachabilityManager.h */ = {isa = PBXFileReference; lastKnownFileType = sourcecode.c.h; name = AFNetworkReachabilityManager.h; path = framework/afnetworking/AFNetworking/AFNetworkReachabilityManager.h; sourceTree = "<group>"; };
		9669EA461AE568FC008325C4 /* AFNetworkReachabilityManager.m */ = {isa = PBXFileReference; lastKnownFileType = sourcecode.c.objc; name = AFNetworkReachabilityManager.m; path = framework/afnetworking/AFNetworking/AFNetworkReachabilityManager.m; sourceTree = "<group>"; };
		9669EA471AE568FC008325C4 /* AFSecurityPolicy.h */ = {isa = PBXFileReference; lastKnownFileType = sourcecode.c.h; name = AFSecurityPolicy.h; path = framework/afnetworking/AFNetworking/AFSecurityPolicy.h; sourceTree = "<group>"; };
		9669EA481AE568FC008325C4 /* AFSecurityPolicy.m */ = {isa = PBXFileReference; lastKnownFileType = sourcecode.c.objc; name = AFSecurityPolicy.m; path = framework/afnetworking/AFNetworking/AFSecurityPolicy.m; sourceTree = "<group>"; };
		9669EA491AE568FC008325C4 /* AFURLConnectionOperation.h */ = {isa = PBXFileReference; lastKnownFileType = sourcecode.c.h; name = AFURLConnectionOperation.h; path = framework/afnetworking/AFNetworking/AFURLConnectionOperation.h; sourceTree = "<group>"; };
		9669EA4A1AE568FC008325C4 /* AFURLConnectionOperation.m */ = {isa = PBXFileReference; lastKnownFileType = sourcecode.c.objc; name = AFURLConnectionOperation.m; path = framework/afnetworking/AFNetworking/AFURLConnectionOperation.m; sourceTree = "<group>"; };
		9669EA4B1AE568FC008325C4 /* AFURLRequestSerialization.h */ = {isa = PBXFileReference; lastKnownFileType = sourcecode.c.h; name = AFURLRequestSerialization.h; path = framework/afnetworking/AFNetworking/AFURLRequestSerialization.h; sourceTree = "<group>"; };
		9669EA4C1AE568FC008325C4 /* AFURLRequestSerialization.m */ = {isa = PBXFileReference; lastKnownFileType = sourcecode.c.objc; name = AFURLRequestSerialization.m; path = framework/afnetworking/AFNetworking/AFURLRequestSerialization.m; sourceTree = "<group>"; };
		9669EA4D1AE568FC008325C4 /* AFURLResponseSerialization.h */ = {isa = PBXFileReference; lastKnownFileType = sourcecode.c.h; name = AFURLResponseSerialization.h; path = framework/afnetworking/AFNetworking/AFURLResponseSerialization.h; sourceTree = "<group>"; };
		9669EA4E1AE568FC008325C4 /* AFURLResponseSerialization.m */ = {isa = PBXFileReference; lastKnownFileType = sourcecode.c.objc; name = AFURLResponseSerialization.m; path = framework/afnetworking/AFNetworking/AFURLResponseSerialization.m; sourceTree = "<group>"; };
		9669EA4F1AE568FC008325C4 /* AFURLSessionManager.h */ = {isa = PBXFileReference; lastKnownFileType = sourcecode.c.h; name = AFURLSessionManager.h; path = framework/afnetworking/AFNetworking/AFURLSessionManager.h; sourceTree = "<group>"; };
		9669EA501AE568FC008325C4 /* AFURLSessionManager.m */ = {isa = PBXFileReference; lastKnownFileType = sourcecode.c.objc; name = AFURLSessionManager.m; path = framework/afnetworking/AFNetworking/AFURLSessionManager.m; sourceTree = "<group>"; };
		9669EA681AE57D3F008325C4 /* Reachability.h */ = {isa = PBXFileReference; fileEncoding = 4; lastKnownFileType = sourcecode.c.h; name = Reachability.h; path = framework/reachability/Reachability.h; sourceTree = "<group>"; };
		9669EA691AE57D3F008325C4 /* Reachability.m */ = {isa = PBXFileReference; fileEncoding = 4; lastKnownFileType = sourcecode.c.objc; name = Reachability.m; path = framework/reachability/Reachability.m; sourceTree = "<group>"; };
		9669EA6B1AE5857B008325C4 /* SystemConfiguration.framework */ = {isa = PBXFileReference; lastKnownFileType = wrapper.framework; name = SystemConfiguration.framework; path = System/Library/Frameworks/SystemConfiguration.framework; sourceTree = SDKROOT; };
/* End PBXFileReference section */

/* Begin PBXFrameworksBuildPhase section */
		9669E9C81AE54C6D008325C4 /* Frameworks */ = {
			isa = PBXFrameworksBuildPhase;
			buildActionMask = 2147483647;
			files = (
				9669EA6C1AE5857B008325C4 /* SystemConfiguration.framework in Frameworks */,
			);
			runOnlyForDeploymentPostprocessing = 0;
		};
		9669E9E41AE54C6E008325C4 /* Frameworks */ = {
			isa = PBXFrameworksBuildPhase;
			buildActionMask = 2147483647;
			files = (
			);
			runOnlyForDeploymentPostprocessing = 0;
		};
/* End PBXFrameworksBuildPhase section */

/* Begin PBXGroup section */
		9669E9C21AE54C6D008325C4 = {
			isa = PBXGroup;
			children = (
				9669E9CD1AE54C6D008325C4 /* PhunwareTest */,
				9669E9EA1AE54C6E008325C4 /* PhunwareTestTests */,
				9669E9CC1AE54C6D008325C4 /* Products */,
			);
			sourceTree = "<group>";
		};
		9669E9CC1AE54C6D008325C4 /* Products */ = {
			isa = PBXGroup;
			children = (
				9669E9CB1AE54C6D008325C4 /* PhunwareTest.app */,
				9669E9E71AE54C6E008325C4 /* PhunwareTestTests.xctest */,
			);
			name = Products;
			sourceTree = "<group>";
		};
		9669E9CD1AE54C6D008325C4 /* PhunwareTest */ = {
			isa = PBXGroup;
			children = (
				9669E9F71AE54D48008325C4 /* initialFiles */,
				9669EA041AE54E71008325C4 /* model */,
				9669EA031AE54E64008325C4 /* view */,
				9669E9F81AE54D4D008325C4 /* controller */,
				9669EA021AE54E1E008325C4 /* framework */,
				9669E9DE1AE54C6E008325C4 /* Images.xcassets */,
				9669E9CE1AE54C6D008325C4 /* Supporting Files */,
			);
			path = PhunwareTest;
			sourceTree = "<group>";
		};
		9669E9CE1AE54C6D008325C4 /* Supporting Files */ = {
			isa = PBXGroup;
			children = (
				9669E9CF1AE54C6D008325C4 /* Info.plist */,
				9669E9D01AE54C6D008325C4 /* main.m */,
			);
			name = "Supporting Files";
			sourceTree = "<group>";
		};
		9669E9EA1AE54C6E008325C4 /* PhunwareTestTests */ = {
			isa = PBXGroup;
			children = (
				9669E9ED1AE54C6E008325C4 /* PhunwareTestTests.m */,
				9669E9EB1AE54C6E008325C4 /* Supporting Files */,
			);
			path = PhunwareTestTests;
			sourceTree = "<group>";
		};
		9669E9EB1AE54C6E008325C4 /* Supporting Files */ = {
			isa = PBXGroup;
			children = (
				9669E9EC1AE54C6E008325C4 /* Info.plist */,
			);
			name = "Supporting Files";
			sourceTree = "<group>";
		};
		9669E9F71AE54D48008325C4 /* initialFiles */ = {
			isa = PBXGroup;
			children = (
				9669E9F91AE54D68008325C4 /* AppDelegate.h */,
				9669E9FA1AE54D68008325C4 /* AppDelegate.m */,
			);
			name = initialFiles;
			sourceTree = "<group>";
		};
		9669E9F81AE54D4D008325C4 /* controller */ = {
			isa = PBXGroup;
			children = (
				9669E9FC1AE54D83008325C4 /* DetailViewController.h */,
				9669E9FD1AE54D83008325C4 /* DetailViewController.m */,
				9669E9FE1AE54D83008325C4 /* MasterViewController.h */,
				9669E9FF1AE54D83008325C4 /* MasterViewController.m */,
			);
			name = controller;
			sourceTree = "<group>";
		};
		9669EA021AE54E1E008325C4 /* framework */ = {
			isa = PBXGroup;
			children = (
				9669EA6B1AE5857B008325C4 /* SystemConfiguration.framework */,
				9669EA641AE56970008325C4 /* afnetworking */,
				9669EA671AE57D2B008325C4 /* reachability */,
			);
			name = framework;
			sourceTree = "<group>";
		};
		9669EA031AE54E64008325C4 /* view */ = {
			isa = PBXGroup;
			children = (
				9669E9E01AE54C6E008325C4 /* LaunchScreen.xib */,
				9669E9DB1AE54C6E008325C4 /* Main.storyboard */,
			);
			name = view;
			sourceTree = "<group>";
		};
		9669EA041AE54E71008325C4 /* model */ = {
			isa = PBXGroup;
			children = (
				9669EA081AE54F5E008325C4 /* Venue.h */,
				9669EA091AE54F5E008325C4 /* Venue.m */,
				9669EA0E1AE551B9008325C4 /* VenueSchedule.h */,
				9669EA0F1AE551B9008325C4 /* VenueSchedule.m */,
			);
			name = model;
			sourceTree = "<group>";
		};
		9669EA641AE56970008325C4 /* afnetworking */ = {
			isa = PBXGroup;
			children = (
				9669EA3E1AE568FC008325C4 /* AFHTTPRequestOperation.h */,
				9669EA3F1AE568FC008325C4 /* AFHTTPRequestOperation.m */,
				9669EA401AE568FC008325C4 /* AFHTTPRequestOperationManager.h */,
				9669EA411AE568FC008325C4 /* AFHTTPRequestOperationManager.m */,
				9669EA421AE568FC008325C4 /* AFHTTPSessionManager.h */,
				9669EA431AE568FC008325C4 /* AFHTTPSessionManager.m */,
				9669EA441AE568FC008325C4 /* AFNetworking.h */,
				9669EA451AE568FC008325C4 /* AFNetworkReachabilityManager.h */,
				9669EA461AE568FC008325C4 /* AFNetworkReachabilityManager.m */,
				9669EA471AE568FC008325C4 /* AFSecurityPolicy.h */,
				9669EA481AE568FC008325C4 /* AFSecurityPolicy.m */,
				9669EA491AE568FC008325C4 /* AFURLConnectionOperation.h */,
				9669EA4A1AE568FC008325C4 /* AFURLConnectionOperation.m */,
				9669EA4B1AE568FC008325C4 /* AFURLRequestSerialization.h */,
				9669EA4C1AE568FC008325C4 /* AFURLRequestSerialization.m */,
				9669EA4D1AE568FC008325C4 /* AFURLResponseSerialization.h */,
				9669EA4E1AE568FC008325C4 /* AFURLResponseSerialization.m */,
				9669EA4F1AE568FC008325C4 /* AFURLSessionManager.h */,
				9669EA501AE568FC008325C4 /* AFURLSessionManager.m */,
			);
			name = afnetworking;
			sourceTree = "<group>";
		};
		9669EA671AE57D2B008325C4 /* reachability */ = {
			isa = PBXGroup;
			children = (
				9669EA681AE57D3F008325C4 /* Reachability.h */,
				9669EA691AE57D3F008325C4 /* Reachability.m */,
			);
			name = reachability;
			sourceTree = "<group>";
		};
/* End PBXGroup section */

/* Begin PBXNativeTarget section */
		9669E9CA1AE54C6D008325C4 /* PhunwareTest */ = {
			isa = PBXNativeTarget;
			buildConfigurationList = 9669E9F11AE54C6E008325C4 /* Build configuration list for PBXNativeTarget "PhunwareTest" */;
			buildPhases = (
				9669E9C71AE54C6D008325C4 /* Sources */,
				9669E9C81AE54C6D008325C4 /* Frameworks */,
				9669E9C91AE54C6D008325C4 /* Resources */,
			);
			buildRules = (
			);
			dependencies = (
			);
			name = PhunwareTest;
			productName = PhunwareTest;
			productReference = 9669E9CB1AE54C6D008325C4 /* PhunwareTest.app */;
			productType = "com.apple.product-type.application";
		};
		9669E9E61AE54C6E008325C4 /* PhunwareTestTests */ = {
			isa = PBXNativeTarget;
			buildConfigurationList = 9669E9F41AE54C6E008325C4 /* Build configuration list for PBXNativeTarget "PhunwareTestTests" */;
			buildPhases = (
				9669E9E31AE54C6E008325C4 /* Sources */,
				9669E9E41AE54C6E008325C4 /* Frameworks */,
				9669E9E51AE54C6E008325C4 /* Resources */,
			);
			buildRules = (
			);
			dependencies = (
				9669E9E91AE54C6E008325C4 /* PBXTargetDependency */,
			);
			name = PhunwareTestTests;
			productName = PhunwareTestTests;
			productReference = 9669E9E71AE54C6E008325C4 /* PhunwareTestTests.xctest */;
			productType = "com.apple.product-type.bundle.unit-test";
		};
/* End PBXNativeTarget section */

/* Begin PBXProject section */
		9669E9C31AE54C6D008325C4 /* Project object */ = {
			isa = PBXProject;
			attributes = {
				LastUpgradeCheck = 0630;
				ORGANIZATIONNAME = "Luis Alvarado";
				TargetAttributes = {
					9669E9CA1AE54C6D008325C4 = {
						CreatedOnToolsVersion = 6.3;
					};
					9669E9E61AE54C6E008325C4 = {
						CreatedOnToolsVersion = 6.3;
						TestTargetID = 9669E9CA1AE54C6D008325C4;
					};
				};
			};
			buildConfigurationList = 9669E9C61AE54C6D008325C4 /* Build configuration list for PBXProject "PhunwareTest" */;
			compatibilityVersion = "Xcode 3.2";
			developmentRegion = English;
			hasScannedForEncodings = 0;
			knownRegions = (
				en,
				Base,
			);
			mainGroup = 9669E9C21AE54C6D008325C4;
			productRefGroup = 9669E9CC1AE54C6D008325C4 /* Products */;
			projectDirPath = "";
			projectRoot = "";
			targets = (
				9669E9CA1AE54C6D008325C4 /* PhunwareTest */,
				9669E9E61AE54C6E008325C4 /* PhunwareTestTests */,
			);
		};
/* End PBXProject section */

/* Begin PBXResourcesBuildPhase section */
		9669E9C91AE54C6D008325C4 /* Resources */ = {
			isa = PBXResourcesBuildPhase;
			buildActionMask = 2147483647;
			files = (
				9669E9DD1AE54C6E008325C4 /* Main.storyboard in Resources */,
				9669E9E21AE54C6E008325C4 /* LaunchScreen.xib in Resources */,
				9669E9DF1AE54C6E008325C4 /* Images.xcassets in Resources */,
			);
			runOnlyForDeploymentPostprocessing = 0;
		};
		9669E9E51AE54C6E008325C4 /* Resources */ = {
			isa = PBXResourcesBuildPhase;
			buildActionMask = 2147483647;
			files = (
			);
			runOnlyForDeploymentPostprocessing = 0;
		};
/* End PBXResourcesBuildPhase section */

/* Begin PBXSourcesBuildPhase section */
		9669E9C71AE54C6D008325C4 /* Sources */ = {
			isa = PBXSourcesBuildPhase;
			buildActionMask = 2147483647;
			files = (
				9669EA6A1AE57D3F008325C4 /* Reachability.m in Sources */,
				9669EA511AE568FC008325C4 /* AFHTTPRequestOperation.h in Sources */,
				9669EA521AE568FC008325C4 /* AFHTTPRequestOperation.m in Sources */,
				9669EA531AE568FC008325C4 /* AFHTTPRequestOperationManager.h in Sources */,
				9669EA541AE568FC008325C4 /* AFHTTPRequestOperationManager.m in Sources */,
				9669EA551AE568FC008325C4 /* AFHTTPSessionManager.h in Sources */,
				9669EA561AE568FC008325C4 /* AFHTTPSessionManager.m in Sources */,
				9669EA571AE568FC008325C4 /* AFNetworking.h in Sources */,
				9669EA581AE568FC008325C4 /* AFNetworkReachabilityManager.h in Sources */,
				9669EA591AE568FC008325C4 /* AFNetworkReachabilityManager.m in Sources */,
				9669EA5A1AE568FC008325C4 /* AFSecurityPolicy.h in Sources */,
				9669EA5B1AE568FC008325C4 /* AFSecurityPolicy.m in Sources */,
				9669EA5C1AE568FC008325C4 /* AFURLConnectionOperation.h in Sources */,
				9669EA5D1AE568FC008325C4 /* AFURLConnectionOperation.m in Sources */,
				9669EA5E1AE568FC008325C4 /* AFURLRequestSerialization.h in Sources */,
				9669EA5F1AE568FC008325C4 /* AFURLRequestSerialization.m in Sources */,
				9669EA601AE568FC008325C4 /* AFURLResponseSerialization.h in Sources */,
				9669EA611AE568FC008325C4 /* AFURLResponseSerialization.m in Sources */,
				9669EA621AE568FC008325C4 /* AFURLSessionManager.h in Sources */,
				9669EA631AE568FC008325C4 /* AFURLSessionManager.m in Sources */,
				9669EA011AE54D83008325C4 /* MasterViewController.m in Sources */,
				9669E9FB1AE54D68008325C4 /* AppDelegate.m in Sources */,
				9669E9D11AE54C6D008325C4 /* main.m in Sources */,
				9669EA0A1AE54F5E008325C4 /* Venue.m in Sources */,
				9669EA101AE551B9008325C4 /* VenueSchedule.m in Sources */,
				9669EA001AE54D83008325C4 /* DetailViewController.m in Sources */,
			);
			runOnlyForDeploymentPostprocessing = 0;
		};
		9669E9E31AE54C6E008325C4 /* Sources */ = {
			isa = PBXSourcesBuildPhase;
			buildActionMask = 2147483647;
			files = (
				9669E9EE1AE54C6E008325C4 /* PhunwareTestTests.m in Sources */,
			);
			runOnlyForDeploymentPostprocessing = 0;
		};
/* End PBXSourcesBuildPhase section */

/* Begin PBXTargetDependency section */
		9669E9E91AE54C6E008325C4 /* PBXTargetDependency */ = {
			isa = PBXTargetDependency;
			target = 9669E9CA1AE54C6D008325C4 /* PhunwareTest */;
			targetProxy = 9669E9E81AE54C6E008325C4 /* PBXContainerItemProxy */;
		};
/* End PBXTargetDependency section */

/* Begin PBXVariantGroup section */
		9669E9DB1AE54C6E008325C4 /* Main.storyboard */ = {
			isa = PBXVariantGroup;
			children = (
				9669E9DC1AE54C6E008325C4 /* Base */,
			);
			name = Main.storyboard;
			sourceTree = "<group>";
		};
		9669E9E01AE54C6E008325C4 /* LaunchScreen.xib */ = {
			isa = PBXVariantGroup;
			children = (
				9669E9E11AE54C6E008325C4 /* Base */,
			);
			name = LaunchScreen.xib;
			sourceTree = "<group>";
		};
/* End PBXVariantGroup section */

/* Begin XCBuildConfiguration section */
		9669E9EF1AE54C6E008325C4 /* Debug */ = {
			isa = XCBuildConfiguration;
			buildSettings = {
				ALWAYS_SEARCH_USER_PATHS = NO;
				CLANG_CXX_LANGUAGE_STANDARD = "gnu++0x";
				CLANG_CXX_LIBRARY = "libc++";
				CLANG_ENABLE_MODULES = YES;
				CLANG_ENABLE_OBJC_ARC = YES;
				CLANG_WARN_BOOL_CONVERSION = YES;
				CLANG_WARN_CONSTANT_CONVERSION = YES;
				CLANG_WARN_DIRECT_OBJC_ISA_USAGE = YES_ERROR;
				CLANG_WARN_EMPTY_BODY = YES;
				CLANG_WARN_ENUM_CONVERSION = YES;
				CLANG_WARN_INT_CONVERSION = YES;
				CLANG_WARN_OBJC_ROOT_CLASS = YES_ERROR;
				CLANG_WARN_UNREACHABLE_CODE = YES;
				CLANG_WARN__DUPLICATE_METHOD_MATCH = YES;
				"CODE_SIGN_IDENTITY[sdk=iphoneos*]" = "iPhone Developer";
				COPY_PHASE_STRIP = NO;
				DEBUG_INFORMATION_FORMAT = "dwarf-with-dsym";
				ENABLE_STRICT_OBJC_MSGSEND = YES;
				GCC_C_LANGUAGE_STANDARD = gnu99;
				GCC_DYNAMIC_NO_PIC = NO;
				GCC_NO_COMMON_BLOCKS = YES;
				GCC_OPTIMIZATION_LEVEL = 0;
				GCC_PREPROCESSOR_DEFINITIONS = (
					"DEBUG=1",
					"$(inherited)",
				);
				GCC_SYMBOLS_PRIVATE_EXTERN = NO;
				GCC_WARN_64_TO_32_BIT_CONVERSION = YES;
				GCC_WARN_ABOUT_RETURN_TYPE = YES_ERROR;
				GCC_WARN_UNDECLARED_SELECTOR = YES;
				GCC_WARN_UNINITIALIZED_AUTOS = YES_AGGRESSIVE;
				GCC_WARN_UNUSED_FUNCTION = YES;
				GCC_WARN_UNUSED_VARIABLE = YES;
				IPHONEOS_DEPLOYMENT_TARGET = 8.3;
				MTL_ENABLE_DEBUG_INFO = YES;
				ONLY_ACTIVE_ARCH = YES;
				SDKROOT = iphoneos;
				TARGETED_DEVICE_FAMILY = "1,2";
			};
			name = Debug;
		};
		9669E9F01AE54C6E008325C4 /* Release */ = {
			isa = XCBuildConfiguration;
			buildSettings = {
				ALWAYS_SEARCH_USER_PATHS = NO;
				CLANG_CXX_LANGUAGE_STANDARD = "gnu++0x";
				CLANG_CXX_LIBRARY = "libc++";
				CLANG_ENABLE_MODULES = YES;
				CLANG_ENABLE_OBJC_ARC = YES;
				CLANG_WARN_BOOL_CONVERSION = YES;
				CLANG_WARN_CONSTANT_CONVERSION = YES;
				CLANG_WARN_DIRECT_OBJC_ISA_USAGE = YES_ERROR;
				CLANG_WARN_EMPTY_BODY = YES;
				CLANG_WARN_ENUM_CONVERSION = YES;
				CLANG_WARN_INT_CONVERSION = YES;
				CLANG_WARN_OBJC_ROOT_CLASS = YES_ERROR;
				CLANG_WARN_UNREACHABLE_CODE = YES;
				CLANG_WARN__DUPLICATE_METHOD_MATCH = YES;
				"CODE_SIGN_IDENTITY[sdk=iphoneos*]" = "iPhone Developer";
				COPY_PHASE_STRIP = NO;
				DEBUG_INFORMATION_FORMAT = "dwarf-with-dsym";
				ENABLE_NS_ASSERTIONS = NO;
				ENABLE_STRICT_OBJC_MSGSEND = YES;
				GCC_C_LANGUAGE_STANDARD = gnu99;
				GCC_NO_COMMON_BLOCKS = YES;
				GCC_WARN_64_TO_32_BIT_CONVERSION = YES;
				GCC_WARN_ABOUT_RETURN_TYPE = YES_ERROR;
				GCC_WARN_UNDECLARED_SELECTOR = YES;
				GCC_WARN_UNINITIALIZED_AUTOS = YES_AGGRESSIVE;
				GCC_WARN_UNUSED_FUNCTION = YES;
				GCC_WARN_UNUSED_VARIABLE = YES;
				IPHONEOS_DEPLOYMENT_TARGET = 8.3;
				MTL_ENABLE_DEBUG_INFO = NO;
				SDKROOT = iphoneos;
				TARGETED_DEVICE_FAMILY = "1,2";
				VALIDATE_PRODUCT = YES;
			};
			name = Release;
		};
		9669E9F21AE54C6E008325C4 /* Debug */ = {
			isa = XCBuildConfiguration;
			buildSettings = {
				ASSETCATALOG_COMPILER_APPICON_NAME = AppIcon;
				HEADER_SEARCH_PATHS = (
					"$(inherited)",
					/Applications/Xcode.app/Contents/Developer/Toolchains/XcodeDefault.xctoolchain/usr/include,
				);
				INFOPLIST_FILE = PhunwareTest/Info.plist;
				LD_RUNPATH_SEARCH_PATHS = "$(inherited) @executable_path/Frameworks";
				LIBRARY_SEARCH_PATHS = "";
				PRODUCT_NAME = "$(TARGET_NAME)";
			};
			name = Debug;
		};
		9669E9F31AE54C6E008325C4 /* Release */ = {
			isa = XCBuildConfiguration;
			buildSettings = {
				ASSETCATALOG_COMPILER_APPICON_NAME = AppIcon;
				HEADER_SEARCH_PATHS = (
					"$(inherited)",
					/Applications/Xcode.app/Contents/Developer/Toolchains/XcodeDefault.xctoolchain/usr/include,
				);
				INFOPLIST_FILE = PhunwareTest/Info.plist;
				LD_RUNPATH_SEARCH_PATHS = "$(inherited) @executable_path/Frameworks";
				LIBRARY_SEARCH_PATHS = "";
				PRODUCT_NAME = "$(TARGET_NAME)";
			};
			name = Release;
		};
		9669E9F51AE54C6E008325C4 /* Debug */ = {
			isa = XCBuildConfiguration;
			buildSettings = {
				BUNDLE_LOADER = "$(TEST_HOST)";
				FRAMEWORK_SEARCH_PATHS = (
					"$(SDKROOT)/Developer/Library/Frameworks",
					"$(inherited)",
				);
				GCC_PREPROCESSOR_DEFINITIONS = (
					"DEBUG=1",
					"$(inherited)",
				);
				INFOPLIST_FILE = PhunwareTestTests/Info.plist;
				LD_RUNPATH_SEARCH_PATHS = "$(inherited) @executable_path/Frameworks @loader_path/Frameworks";
				PRODUCT_NAME = "$(TARGET_NAME)";
				TEST_HOST = "$(BUILT_PRODUCTS_DIR)/PhunwareTest.app/PhunwareTest";
			};
			name = Debug;
		};
		9669E9F61AE54C6E008325C4 /* Release */ = {
			isa = XCBuildConfiguration;
			buildSettings = {
				BUNDLE_LOADER = "$(TEST_HOST)";
				FRAMEWORK_SEARCH_PATHS = (
					"$(SDKROOT)/Developer/Library/Frameworks",
					"$(inherited)",
				);
				INFOPLIST_FILE = PhunwareTestTests/Info.plist;
				LD_RUNPATH_SEARCH_PATHS = "$(inherited) @executable_path/Frameworks @loader_path/Frameworks";
				PRODUCT_NAME = "$(TARGET_NAME)";
				TEST_HOST = "$(BUILT_PRODUCTS_DIR)/PhunwareTest.app/PhunwareTest";
			};
			name = Release;
		};
/* End XCBuildConfiguration section */

/* Begin XCConfigurationList section */
		9669E9C61AE54C6D008325C4 /* Build configuration list for PBXProject "PhunwareTest" */ = {
			isa = XCConfigurationList;
			buildConfigurations = (
				9669E9EF1AE54C6E008325C4 /* Debug */,
				9669E9F01AE54C6E008325C4 /* Release */,
			);
			defaultConfigurationIsVisible = 0;
			defaultConfigurationName = Release;
		};
		9669E9F11AE54C6E008325C4 /* Build configuration list for PBXNativeTarget "PhunwareTest" */ = {
			isa = XCConfigurationList;
			buildConfigurations = (
				9669E9F21AE54C6E008325C4 /* Debug */,
				9669E9F31AE54C6E008325C4 /* Release */,
			);
			defaultConfigurationIsVisible = 0;
		};
		9669E9F41AE54C6E008325C4 /* Build configuration list for PBXNativeTarget "PhunwareTestTests" */ = {
			isa = XCConfigurationList;
			buildConfigurations = (
				9669E9F51AE54C6E008325C4 /* Debug */,
				9669E9F61AE54C6E008325C4 /* Release */,
			);
			defaultConfigurationIsVisible = 0;
		};
/* End XCConfigurationList section */
	};
	rootObject = 9669E9C31AE54C6D008325C4 /* Project object */;
}
